
Microsoft Visual Studio Solution File, Format Version 11.00
# Visual Studio 2010
Project("{E24C65DC-7377-472B-9ABA-BC803B73C61A}") = "50", "..\..\..\..\..\..\50\", "{B68B7D98-DF18-4F99-8DF4-7C6483EA6921}"
	ProjectSection(WebsiteProperties) = preProject
		TargetFrameworkMoniker = ".NETFramework,Version%3Dv4.0"
		Debug.AspNetCompiler.VirtualPath = "/50"
		Debug.AspNetCompiler.PhysicalPath = "..\..\..\..\..\..\50\"
		Debug.AspNetCompiler.TargetPath = "PrecompiledWeb\50\"
		Debug.AspNetCompiler.Updateable = "true"
		Debug.AspNetCompiler.ForceOverwrite = "true"
		Debug.AspNetCompiler.FixedNames = "false"
		Debug.AspNetCompiler.Debug = "True"
		Release.AspNetCompiler.VirtualPath = "/50"
		Release.AspNetCompiler.PhysicalPath = "..\..\..\..\..\..\50\"
		Release.AspNetCompiler.TargetPath = "PrecompiledWeb\50\"
		Release.AspNetCompiler.Updateable = "true"
		Release.AspNetCompiler.ForceOverwrite = "true"
		Release.AspNetCompiler.FixedNames = "false"
		Release.AspNetCompiler.Debug = "False"
		VWDPort = "50344"
		DefaultWebSiteLanguage = "Visual Basic"
	EndProjectSection
EndProject
Global
	GlobalSection(SolutionConfigurationPlatforms) = preSolution
		Debug|Any CPU = Debug|Any CPU
	EndGlobalSection
	GlobalSection(ProjectConfigurationPlatforms) = postSolution
		{B68B7D98-DF18-4F99-8DF4-7C6483EA6921}.Debug|Any CPU.ActiveCfg = Debug|Any CPU
		{B68B7D98-DF18-4F99-8DF4-7C6483EA6921}.Debug|Any CPU.Build.0 = Debug|Any CPU
	EndGlobalSection
	GlobalSection(SolutionProperties) = preSolution
		HideSolutionNode = FALSE
	EndGlobalSection
EndGlobal
